
Microsoft Visual Studio Solution File, Format Version 12.00
# Visual Studio Version 17
VisualStudioVersion = 17.8.34408.163
MinimumVisualStudioVersion = 10.0.40219.1
Project("{FAE04EC0-301F-11D3-BF4B-00C04F79EFBC}") = "AutoInv", "AutoInv\AutoInv.csproj", "{E2A5C7C0-A925-4210-AAA6-8C2730AC3942}"
EndProject
Global
	GlobalSection(SolutionConfigurationPlatforms) = preSolution
		Debug|Any CPU = Debug|Any CPU
		Release|Any CPU = Release|Any CPU
	EndGlobalSection
	GlobalSection(ProjectConfigurationPlatforms) = postSolution
		{E2A5C7C0-A925-4210-AAA6-8C2730AC3942}.Debug|Any CPU.ActiveCfg = Debug|Any CPU
		{E2A5C7C0-A925-4210-AAA6-8C2730AC3942}.Debug|Any CPU.Build.0 = Debug|Any CPU
		{E2A5C7C0-A925-4210-AAA6-8C2730AC3942}.Release|Any CPU.ActiveCfg = Release|Any CPU
		{E2A5C7C0-A925-4210-AAA6-8C2730AC3942}.Release|Any CPU.Build.0 = Release|Any CPU
	EndGlobalSection
	GlobalSection(SolutionProperties) = preSolution
		HideSolutionNode = FALSE
	EndGlobalSection
	GlobalSection(ExtensibilityGlobals) = postSolution
		SolutionGuid = {F561689F-E337-40B5-8794-2BB112127610}
	EndGlobalSection
EndGlobal
